
Microsoft Visual Studio Solution File, Format Version 12.00
# Visual Studio 15
VisualStudioVersion = 15.0.28307.960
MinimumVisualStudioVersion = 10.0.40219.1
Project("{FAE04EC0-301F-11D3-BF4B-00C04F79EFBC}") = "QuanLyNhanSu", "QuanLyNhanSu\QuanLyNhanSu.csproj", "{AA83AC25-05E7-47A2-9DF7-BE19ACE6F669}"
EndProject
Global
	GlobalSection(SolutionConfigurationPlatforms) = preSolution
		Debug|Any CPU = Debug|Any CPU
		Release|Any CPU = Release|Any CPU
	EndGlobalSection
	GlobalSection(ProjectConfigurationPlatforms) = postSolution
		{AA83AC25-05E7-47A2-9DF7-BE19ACE6F669}.Debug|Any CPU.ActiveCfg = Debug|Any CPU
		{AA83AC25-05E7-47A2-9DF7-BE19ACE6F669}.Debug|Any CPU.Build.0 = Debug|Any CPU
		{AA83AC25-05E7-47A2-9DF7-BE19ACE6F669}.Release|Any CPU.ActiveCfg = Release|Any CPU
		{AA83AC25-05E7-47A2-9DF7-BE19ACE6F669}.Release|Any CPU.Build.0 = Release|Any CPU
	EndGlobalSection
	GlobalSection(SolutionProperties) = preSolution
		HideSolutionNode = FALSE
	EndGlobalSection
	GlobalSection(ExtensibilityGlobals) = postSolution
		SolutionGuid = {826E2907-5F76-4BED-B9F4-8726EE1B39FB}
	EndGlobalSection
EndGlobal
